// !$*UTF8*$!
{
	archiveVersion = 1;
	classes = {
	};
	objectVersion = 55;
	objects = {

/* Begin PBXBuildFile section */
		75EB03922825ADF300013984 /* AppDelegate.swift in Sources */ = {isa = PBXBuildFile; fileRef = 75EB03912825ADF300013984 /* AppDelegate.swift */; };
		75EB03942825ADF300013984 /* SceneDelegate.swift in Sources */ = {isa = PBXBuildFile; fileRef = 75EB03932825ADF300013984 /* SceneDelegate.swift */; };
		75EB03962825ADF300013984 /* ViewController.swift in Sources */ = {isa = PBXBuildFile; fileRef = 75EB03952825ADF300013984 /* ViewController.swift */; };
		75EB03992825ADF300013984 /* Main.storyboard in Resources */ = {isa = PBXBuildFile; fileRef = 75EB03972825ADF300013984 /* Main.storyboard */; };
		75EB039B2825ADF500013984 /* Assets.xcassets in Resources */ = {isa = PBXBuildFile; fileRef = 75EB039A2825ADF500013984 /* Assets.xcassets */; };
		75EB039E2825ADF500013984 /* LaunchScreen.storyboard in Resources */ = {isa = PBXBuildFile; fileRef = 75EB039C2825ADF500013984 /* LaunchScreen.storyboard */; };
		75EB03A92825ADF500013984 /* FoodDeliveryStarterPackTests.swift in Sources */ = {isa = PBXBuildFile; fileRef = 75EB03A82825ADF500013984 /* FoodDeliveryStarterPackTests.swift */; };
		75EB03B32825ADF500013984 /* FoodDeliveryStarterPackUITests.swift in Sources */ = {isa = PBXBuildFile; fileRef = 75EB03B22825ADF500013984 /* FoodDeliveryStarterPackUITests.swift */; };
		75EB03B52825ADF500013984 /* FoodDeliveryStarterPackUITestsLaunchTests.swift in Sources */ = {isa = PBXBuildFile; fileRef = 75EB03B42825ADF500013984 /* FoodDeliveryStarterPackUITestsLaunchTests.swift */; };
		75EB03C42825B03500013984 /* ApiConstants.swift in Sources */ = {isa = PBXBuildFile; fileRef = 75EB03C32825B03500013984 /* ApiConstants.swift */; };
		75EB03C62825B06300013984 /* NetworkManager.swift in Sources */ = {isa = PBXBuildFile; fileRef = 75EB03C52825B06300013984 /* NetworkManager.swift */; };
		75EB03C92825B0E400013984 /* buttonInspectable.swift in Sources */ = {isa = PBXBuildFile; fileRef = 75EB03C82825B0E400013984 /* buttonInspectable.swift */; };
		75EB03CC2825B39B00013984 /* homeTabViewController.swift in Sources */ = {isa = PBXBuildFile; fileRef = 75EB03CB2825B39B00013984 /* homeTabViewController.swift */; };
		75EB03CF2825B43500013984 /* profilePageViewController.swift in Sources */ = {isa = PBXBuildFile; fileRef = 75EB03CE2825B43500013984 /* profilePageViewController.swift */; };
/* End PBXBuildFile section */

/* Begin PBXContainerItemProxy section */
		75EB03A52825ADF500013984 /* PBXContainerItemProxy */ = {
			isa = PBXContainerItemProxy;
			containerPortal = 75EB03862825ADF300013984 /* Project object */;
			proxyType = 1;
			remoteGlobalIDString = 75EB038D2825ADF300013984;
			remoteInfo = FoodDeliveryStarterPack;
		};
		75EB03AF2825ADF500013984 /* PBXContainerItemProxy */ = {
			isa = PBXContainerItemProxy;
			containerPortal = 75EB03862825ADF300013984 /* Project object */;
			proxyType = 1;
			remoteGlobalIDString = 75EB038D2825ADF300013984;
			remoteInfo = FoodDeliveryStarterPack;
		};
/* End PBXContainerItemProxy section */

/* Begin PBXFileReference section */
		75EB038E2825ADF300013984 /* FoodDeliveryStarterPack.app */ = {isa = PBXFileReference; explicitFileType = wrapper.application; includeInIndex = 0; path = FoodDeliveryStarterPack.app; sourceTree = BUILT_PRODUCTS_DIR; };
		75EB03912825ADF300013984 /* AppDelegate.swift */ = {isa = PBXFileReference; lastKnownFileType = sourcecode.swift; path = AppDelegate.swift; sourceTree = "<group>"; };
		75EB03932825ADF300013984 /* SceneDelegate.swift */ = {isa = PBXFileReference; lastKnownFileType = sourcecode.swift; path = SceneDelegate.swift; sourceTree = "<group>"; };
		75EB03952825ADF300013984 /* ViewController.swift */ = {isa = PBXFileReference; lastKnownFileType = sourcecode.swift; path = ViewController.swift; sourceTree = "<group>"; };
		75EB03982825ADF300013984 /* Base */ = {isa = PBXFileReference; lastKnownFileType = file.storyboard; name = Base; path = Base.lproj/Main.storyboard; sourceTree = "<group>"; };
		75EB039A2825ADF500013984 /* Assets.xcassets */ = {isa = PBXFileReference; lastKnownFileType = folder.assetcatalog; path = Assets.xcassets; sourceTree = "<group>"; };
		75EB039D2825ADF500013984 /* Base */ = {isa = PBXFileReference; lastKnownFileType = file.storyboard; name = Base; path = Base.lproj/LaunchScreen.storyboard; sourceTree = "<group>"; };
		75EB039F2825ADF500013984 /* Info.plist */ = {isa = PBXFileReference; lastKnownFileType = text.plist.xml; path = Info.plist; sourceTree = "<group>"; };
		75EB03A42825ADF500013984 /* FoodDeliveryStarterPackTests.xctest */ = {isa = PBXFileReference; explicitFileType = wrapper.cfbundle; includeInIndex = 0; path = FoodDeliveryStarterPackTests.xctest; sourceTree = BUILT_PRODUCTS_DIR; };
		75EB03A82825ADF500013984 /* FoodDeliveryStarterPackTests.swift */ = {isa = PBXFileReference; lastKnownFileType = sourcecode.swift; path = FoodDeliveryStarterPackTests.swift; sourceTree = "<group>"; };
		75EB03AE2825ADF500013984 /* FoodDeliveryStarterPackUITests.xctest */ = {isa = PBXFileReference; explicitFileType = wrapper.cfbundle; includeInIndex = 0; path = FoodDeliveryStarterPackUITests.xctest; sourceTree = BUILT_PRODUCTS_DIR; };
		75EB03B22825ADF500013984 /* FoodDeliveryStarterPackUITests.swift */ = {isa = PBXFileReference; lastKnownFileType = sourcecode.swift; path = FoodDeliveryStarterPackUITests.swift; sourceTree = "<group>"; };
		75EB03B42825ADF500013984 /* FoodDeliveryStarterPackUITestsLaunchTests.swift */ = {isa = PBXFileReference; lastKnownFileType = sourcecode.swift; path = FoodDeliveryStarterPackUITestsLaunchTests.swift; sourceTree = "<group>"; };
		75EB03C32825B03500013984 /* ApiConstants.swift */ = {isa = PBXFileReference; lastKnownFileType = sourcecode.swift; path = ApiConstants.swift; sourceTree = "<group>"; };
		75EB03C52825B06300013984 /* NetworkManager.swift */ = {isa = PBXFileReference; lastKnownFileType = sourcecode.swift; path = NetworkManager.swift; sourceTree = "<group>"; };
		75EB03C82825B0E400013984 /* buttonInspectable.swift */ = {isa = PBXFileReference; lastKnownFileType = sourcecode.swift; path = buttonInspectable.swift; sourceTree = "<group>"; };
		75EB03CB2825B39B00013984 /* homeTabViewController.swift */ = {isa = PBXFileReference; lastKnownFileType = sourcecode.swift; path = homeTabViewController.swift; sourceTree = "<group>"; };
		75EB03CE2825B43500013984 /* profilePageViewController.swift */ = {isa = PBXFileReference; lastKnownFileType = sourcecode.swift; path = profilePageViewController.swift; sourceTree = "<group>"; };
/* End PBXFileReference section */

/* Begin PBXFrameworksBuildPhase section */
		75EB038B2825ADF300013984 /* Frameworks */ = {
			isa = PBXFrameworksBuildPhase;
			buildActionMask = 2147483647;
			files = (
			);
			runOnlyForDeploymentPostprocessing = 0;
		};
		75EB03A12825ADF500013984 /* Frameworks */ = {
			isa = PBXFrameworksBuildPhase;
			buildActionMask = 2147483647;
			files = (
			);
			runOnlyForDeploymentPostprocessing = 0;
		};
		75EB03AB2825ADF500013984 /* Frameworks */ = {
			isa = PBXFrameworksBuildPhase;
			buildActionMask = 2147483647;
			files = (
			);
			runOnlyForDeploymentPostprocessing = 0;
		};
/* End PBXFrameworksBuildPhase section */

/* Begin PBXGroup section */
		75EB03852825ADF300013984 = {
			isa = PBXGroup;
			children = (
				75EB03902825ADF300013984 /* FoodDeliveryStarterPack */,
				75EB03A72825ADF500013984 /* FoodDeliveryStarterPackTests */,
				75EB03B12825ADF500013984 /* FoodDeliveryStarterPackUITests */,
				75EB038F2825ADF300013984 /* Products */,
			);
			sourceTree = "<group>";
		};
		75EB038F2825ADF300013984 /* Products */ = {
			isa = PBXGroup;
			children = (
				75EB038E2825ADF300013984 /* FoodDeliveryStarterPack.app */,
				75EB03A42825ADF500013984 /* FoodDeliveryStarterPackTests.xctest */,
				75EB03AE2825ADF500013984 /* FoodDeliveryStarterPackUITests.xctest */,
			);
			name = Products;
			sourceTree = "<group>";
		};
		75EB03902825ADF300013984 /* FoodDeliveryStarterPack */ = {
			isa = PBXGroup;
			children = (
				75EB03CD2825B41700013984 /* Profile */,
				75EB03CA2825B34700013984 /* Home */,
				75EB03C12825AFF300013984 /* Helper */,
				75EB03912825ADF300013984 /* AppDelegate.swift */,
				75EB03932825ADF300013984 /* SceneDelegate.swift */,
				75EB03952825ADF300013984 /* ViewController.swift */,
				75EB03972825ADF300013984 /* Main.storyboard */,
				75EB039A2825ADF500013984 /* Assets.xcassets */,
				75EB039C2825ADF500013984 /* LaunchScreen.storyboard */,
				75EB039F2825ADF500013984 /* Info.plist */,
			);
			path = FoodDeliveryStarterPack;
			sourceTree = "<group>";
		};
		75EB03A72825ADF500013984 /* FoodDeliveryStarterPackTests */ = {
			isa = PBXGroup;
			children = (
				75EB03A82825ADF500013984 /* FoodDeliveryStarterPackTests.swift */,
			);
			path = FoodDeliveryStarterPackTests;
			sourceTree = "<group>";
		};
		75EB03B12825ADF500013984 /* FoodDeliveryStarterPackUITests */ = {
			isa = PBXGroup;
			children = (
				75EB03B22825ADF500013984 /* FoodDeliveryStarterPackUITests.swift */,
				75EB03B42825ADF500013984 /* FoodDeliveryStarterPackUITestsLaunchTests.swift */,
			);
			path = FoodDeliveryStarterPackUITests;
			sourceTree = "<group>";
		};
		75EB03C12825AFF300013984 /* Helper */ = {
			isa = PBXGroup;
			children = (
				75EB03C22825B00300013984 /* Networking */,
			);
			path = Helper;
			sourceTree = "<group>";
		};
		75EB03C22825B00300013984 /* Networking */ = {
			isa = PBXGroup;
			children = (
				75EB03C32825B03500013984 /* ApiConstants.swift */,
				75EB03C52825B06300013984 /* NetworkManager.swift */,
				75EB03C72825B0B700013984 /* Buttons */,
			);
			path = Networking;
			sourceTree = "<group>";
		};
		75EB03C72825B0B700013984 /* Buttons */ = {
			isa = PBXGroup;
			children = (
				75EB03C82825B0E400013984 /* buttonInspectable.swift */,
			);
			path = Buttons;
			sourceTree = "<group>";
		};
		75EB03CA2825B34700013984 /* Home */ = {
			isa = PBXGroup;
			children = (
				75EB03CB2825B39B00013984 /* homeTabViewController.swift */,
			);
			path = Home;
			sourceTree = "<group>";
		};
		75EB03CD2825B41700013984 /* Profile */ = {
			isa = PBXGroup;
			children = (
				75EB03CE2825B43500013984 /* profilePageViewController.swift */,
			);
			path = Profile;
			sourceTree = "<group>";
		};
/* End PBXGroup section */

/* Begin PBXNativeTarget section */
		75EB038D2825ADF300013984 /* FoodDeliveryStarterPack */ = {
			isa = PBXNativeTarget;
			buildConfigurationList = 75EB03B82825ADF500013984 /* Build configuration list for PBXNativeTarget "FoodDeliveryStarterPack" */;
			buildPhases = (
				75EB038A2825ADF300013984 /* Sources */,
				75EB038B2825ADF300013984 /* Frameworks */,
				75EB038C2825ADF300013984 /* Resources */,
			);
			buildRules = (
			);
			dependencies = (
			);
			name = FoodDeliveryStarterPack;
			productName = FoodDeliveryStarterPack;
			productReference = 75EB038E2825ADF300013984 /* FoodDeliveryStarterPack.app */;
			productType = "com.apple.product-type.application";
		};
		75EB03A32825ADF500013984 /* FoodDeliveryStarterPackTests */ = {
			isa = PBXNativeTarget;
			buildConfigurationList = 75EB03BB2825ADF500013984 /* Build configuration list for PBXNativeTarget "FoodDeliveryStarterPackTests" */;
			buildPhases = (
				75EB03A02825ADF500013984 /* Sources */,
				75EB03A12825ADF500013984 /* Frameworks */,
				75EB03A22825ADF500013984 /* Resources */,
			);
			buildRules = (
			);
			dependencies = (
				75EB03A62825ADF500013984 /* PBXTargetDependency */,
			);
			name = FoodDeliveryStarterPackTests;
			productName = FoodDeliveryStarterPackTests;
			productReference = 75EB03A42825ADF500013984 /* FoodDeliveryStarterPackTests.xctest */;
			productType = "com.apple.product-type.bundle.unit-test";
		};
		75EB03AD2825ADF500013984 /* FoodDeliveryStarterPackUITests */ = {
			isa = PBXNativeTarget;
			buildConfigurationList = 75EB03BE2825ADF500013984 /* Build configuration list for PBXNativeTarget "FoodDeliveryStarterPackUITests" */;
			buildPhases = (
				75EB03AA2825ADF500013984 /* Sources */,
				75EB03AB2825ADF500013984 /* Frameworks */,
				75EB03AC2825ADF500013984 /* Resources */,
			);
			buildRules = (
			);
			dependencies = (
				75EB03B02825ADF500013984 /* PBXTargetDependency */,
			);
			name = FoodDeliveryStarterPackUITests;
			productName = FoodDeliveryStarterPackUITests;
			productReference = 75EB03AE2825ADF500013984 /* FoodDeliveryStarterPackUITests.xctest */;
			productType = "com.apple.product-type.bundle.ui-testing";
		};
/* End PBXNativeTarget section */

/* Begin PBXProject section */
		75EB03862825ADF300013984 /* Project object */ = {
			isa = PBXProject;
			attributes = {
				BuildIndependentTargetsInParallel = 1;
				LastSwiftUpdateCheck = 1320;
				LastUpgradeCheck = 1320;
				TargetAttributes = {
					75EB038D2825ADF300013984 = {
						CreatedOnToolsVersion = 13.2.1;
					};
					75EB03A32825ADF500013984 = {
						CreatedOnToolsVersion = 13.2.1;
						TestTargetID = 75EB038D2825ADF300013984;
					};
					75EB03AD2825ADF500013984 = {
						CreatedOnToolsVersion = 13.2.1;
						TestTargetID = 75EB038D2825ADF300013984;
					};
				};
			};
			buildConfigurationList = 75EB03892825ADF300013984 /* Build configuration list for PBXProject "FoodDeliveryStarterPack" */;
			compatibilityVersion = "Xcode 13.0";
			developmentRegion = en;
			hasScannedForEncodings = 0;
			knownRegions = (
				en,
				Base,
			);
			mainGroup = 75EB03852825ADF300013984;
			productRefGroup = 75EB038F2825ADF300013984 /* Products */;
			projectDirPath = "";
			projectRoot = "";
			targets = (
				75EB038D2825ADF300013984 /* FoodDeliveryStarterPack */,
				75EB03A32825ADF500013984 /* FoodDeliveryStarterPackTests */,
				75EB03AD2825ADF500013984 /* FoodDeliveryStarterPackUITests */,
			);
		};
/* End PBXProject section */

/* Begin PBXResourcesBuildPhase section */
		75EB038C2825ADF300013984 /* Resources */ = {
			isa = PBXResourcesBuildPhase;
			buildActionMask = 2147483647;
			files = (
				75EB039E2825ADF500013984 /* LaunchScreen.storyboard in Resources */,
				75EB039B2825ADF500013984 /* Assets.xcassets in Resources */,
				75EB03992825ADF300013984 /* Main.storyboard in Resources */,
			);
			runOnlyForDeploymentPostprocessing = 0;
		};
		75EB03A22825ADF500013984 /* Resources */ = {
			isa = PBXResourcesBuildPhase;
			buildActionMask = 2147483647;
			files = (
			);
			runOnlyForDeploymentPostprocessing = 0;
		};
		75EB03AC2825ADF500013984 /* Resources */ = {
			isa = PBXResourcesBuildPhase;
			buildActionMask = 2147483647;
			files = (
			);
			runOnlyForDeploymentPostprocessing = 0;
		};
/* End PBXResourcesBuildPhase section */

/* Begin PBXSourcesBuildPhase section */
		75EB038A2825ADF300013984 /* Sources */ = {
			isa = PBXSourcesBuildPhase;
			buildActionMask = 2147483647;
			files = (
				75EB03C42825B03500013984 /* ApiConstants.swift in Sources */,
				75EB03CC2825B39B00013984 /* homeTabViewController.swift in Sources */,
				75EB03962825ADF300013984 /* ViewController.swift in Sources */,
				75EB03C62825B06300013984 /* NetworkManager.swift in Sources */,
				75EB03922825ADF300013984 /* AppDelegate.swift in Sources */,
				75EB03C92825B0E400013984 /* buttonInspectable.swift in Sources */,
				75EB03942825ADF300013984 /* SceneDelegate.swift in Sources */,
				75EB03CF2825B43500013984 /* profilePageViewController.swift in Sources */,
			);
			runOnlyForDeploymentPostprocessing = 0;
		};
		75EB03A02825ADF500013984 /* Sources */ = {
			isa = PBXSourcesBuildPhase;
			buildActionMask = 2147483647;
			files = (
				75EB03A92825ADF500013984 /* FoodDeliveryStarterPackTests.swift in Sources */,
			);
			runOnlyForDeploymentPostprocessing = 0;
		};
		75EB03AA2825ADF500013984 /* Sources */ = {
			isa = PBXSourcesBuildPhase;
			buildActionMask = 2147483647;
			files = (
				75EB03B32825ADF500013984 /* FoodDeliveryStarterPackUITests.swift in Sources */,
				75EB03B52825ADF500013984 /* FoodDeliveryStarterPackUITestsLaunchTests.swift in Sources */,
			);
			runOnlyForDeploymentPostprocessing = 0;
		};
/* End PBXSourcesBuildPhase section */

/* Begin PBXTargetDependency section */
		75EB03A62825ADF500013984 /* PBXTargetDependency */ = {
			isa = PBXTargetDependency;
			target = 75EB038D2825ADF300013984 /* FoodDeliveryStarterPack */;
			targetProxy = 75EB03A52825ADF500013984 /* PBXContainerItemProxy */;
		};
		75EB03B02825ADF500013984 /* PBXTargetDependency */ = {
			isa = PBXTargetDependency;
			target = 75EB038D2825ADF300013984 /* FoodDeliveryStarterPack */;
			targetProxy = 75EB03AF2825ADF500013984 /* PBXContainerItemProxy */;
		};
/* End PBXTargetDependency section */

/* Begin PBXVariantGroup section */
		75EB03972825ADF300013984 /* Main.storyboard */ = {
			isa = PBXVariantGroup;
			children = (
				75EB03982825ADF300013984 /* Base */,
			);
			name = Main.storyboard;
			sourceTree = "<group>";
		};
		75EB039C2825ADF500013984 /* LaunchScreen.storyboard */ = {
			isa = PBXVariantGroup;
			children = (
				75EB039D2825ADF500013984 /* Base */,
			);
			name = LaunchScreen.storyboard;
			sourceTree = "<group>";
		};
/* End PBXVariantGroup section */

/* Begin XCBuildConfiguration section */
		75EB03B62825ADF500013984 /* Debug */ = {
			isa = XCBuildConfiguration;
			buildSettings = {
				ALWAYS_SEARCH_USER_PATHS = NO;
				CLANG_ANALYZER_NONNULL = YES;
				CLANG_ANALYZER_NUMBER_OBJECT_CONVERSION = YES_AGGRESSIVE;
				CLANG_CXX_LANGUAGE_STANDARD = "gnu++17";
				CLANG_CXX_LIBRARY = "libc++";
				CLANG_ENABLE_MODULES = YES;
				CLANG_ENABLE_OBJC_ARC = YES;
				CLANG_ENABLE_OBJC_WEAK = YES;
				CLANG_WARN_BLOCK_CAPTURE_AUTORELEASING = YES;
				CLANG_WARN_BOOL_CONVERSION = YES;
				CLANG_WARN_COMMA = YES;
				CLANG_WARN_CONSTANT_CONVERSION = YES;
				CLANG_WARN_DEPRECATED_OBJC_IMPLEMENTATIONS = YES;
				CLANG_WARN_DIRECT_OBJC_ISA_USAGE = YES_ERROR;
				CLANG_WARN_DOCUMENTATION_COMMENTS = YES;
				CLANG_WARN_EMPTY_BODY = YES;
				CLANG_WARN_ENUM_CONVERSION = YES;
				CLANG_WARN_INFINITE_RECURSION = YES;
				CLANG_WARN_INT_CONVERSION = YES;
				CLANG_WARN_NON_LITERAL_NULL_CONVERSION = YES;
				CLANG_WARN_OBJC_IMPLICIT_RETAIN_SELF = YES;
				CLANG_WARN_OBJC_LITERAL_CONVERSION = YES;
				CLANG_WARN_OBJC_ROOT_CLASS = YES_ERROR;
				CLANG_WARN_QUOTED_INCLUDE_IN_FRAMEWORK_HEADER = YES;
				CLANG_WARN_RANGE_LOOP_ANALYSIS = YES;
				CLANG_WARN_STRICT_PROTOTYPES = YES;
				CLANG_WARN_SUSPICIOUS_MOVE = YES;
				CLANG_WARN_UNGUARDED_AVAILABILITY = YES_AGGRESSIVE;
				CLANG_WARN_UNREACHABLE_CODE = YES;
				CLANG_WARN__DUPLICATE_METHOD_MATCH = YES;
				COPY_PHASE_STRIP = NO;
				DEBUG_INFORMATION_FORMAT = dwarf;
				ENABLE_STRICT_OBJC_MSGSEND = YES;
				ENABLE_TESTABILITY = YES;
				GCC_C_LANGUAGE_STANDARD = gnu11;
				GCC_DYNAMIC_NO_PIC = NO;
				GCC_NO_COMMON_BLOCKS = YES;
				GCC_OPTIMIZATION_LEVEL = 0;
				GCC_PREPROCESSOR_DEFINITIONS = (
					"DEBUG=1",
					"$(inherited)",
				);
				GCC_WARN_64_TO_32_BIT_CONVERSION = YES;
				GCC_WARN_ABOUT_RETURN_TYPE = YES_ERROR;
				GCC_WARN_UNDECLARED_SELECTOR = YES;
				GCC_WARN_UNINITIALIZED_AUTOS = YES_AGGRESSIVE;
				GCC_WARN_UNUSED_FUNCTION = YES;
				GCC_WARN_UNUSED_VARIABLE = YES;
				IPHONEOS_DEPLOYMENT_TARGET = 15.2;
				MTL_ENABLE_DEBUG_INFO = INCLUDE_SOURCE;
				MTL_FAST_MATH = YES;
				ONLY_ACTIVE_ARCH = YES;
				SDKROOT = iphoneos;
				SWIFT_ACTIVE_COMPILATION_CONDITIONS = DEBUG;
				SWIFT_OPTIMIZATION_LEVEL = "-Onone";
			};
			name = Debug;
		};
		75EB03B72825ADF500013984 /* Release */ = {
			isa = XCBuildConfiguration;
			buildSettings = {
				ALWAYS_SEARCH_USER_PATHS = NO;
				CLANG_ANALYZER_NONNULL = YES;
				CLANG_ANALYZER_NUMBER_OBJECT_CONVERSION = YES_AGGRESSIVE;
				CLANG_CXX_LANGUAGE_STANDARD = "gnu++17";
				CLANG_CXX_LIBRARY = "libc++";
				CLANG_ENABLE_MODULES = YES;
				CLANG_ENABLE_OBJC_ARC = YES;
				CLANG_ENABLE_OBJC_WEAK = YES;
				CLANG_WARN_BLOCK_CAPTURE_AUTORELEASING = YES;
				CLANG_WARN_BOOL_CONVERSION = YES;
				CLANG_WARN_COMMA = YES;
				CLANG_WARN_CONSTANT_CONVERSION = YES;
				CLANG_WARN_DEPRECATED_OBJC_IMPLEMENTATIONS = YES;
				CLANG_WARN_DIRECT_OBJC_ISA_USAGE = YES_ERROR;
				CLANG_WARN_DOCUMENTATION_COMMENTS = YES;
				CLANG_WARN_EMPTY_BODY = YES;
				CLANG_WARN_ENUM_CONVERSION = YES;
				CLANG_WARN_INFINITE_RECURSION = YES;
				CLANG_WARN_INT_CONVERSION = YES;
				CLANG_WARN_NON_LITERAL_NULL_CONVERSION = YES;
				CLANG_WARN_OBJC_IMPLICIT_RETAIN_SELF = YES;
				CLANG_WARN_OBJC_LITERAL_CONVERSION = YES;
				CLANG_WARN_OBJC_ROOT_CLASS = YES_ERROR;
				CLANG_WARN_QUOTED_INCLUDE_IN_FRAMEWORK_HEADER = YES;
				CLANG_WARN_RANGE_LOOP_ANALYSIS = YES;
				CLANG_WARN_STRICT_PROTOTYPES = YES;
				CLANG_WARN_SUSPICIOUS_MOVE = YES;
				CLANG_WARN_UNGUARDED_AVAILABILITY = YES_AGGRESSIVE;
				CLANG_WARN_UNREACHABLE_CODE = YES;
				CLANG_WARN__DUPLICATE_METHOD_MATCH = YES;
				COPY_PHASE_STRIP = NO;
				DEBUG_INFORMATION_FORMAT = "dwarf-with-dsym";
				ENABLE_NS_ASSERTIONS = NO;
				ENABLE_STRICT_OBJC_MSGSEND = YES;
				GCC_C_LANGUAGE_STANDARD = gnu11;
				GCC_NO_COMMON_BLOCKS = YES;
				GCC_WARN_64_TO_32_BIT_CONVERSION = YES;
				GCC_WARN_ABOUT_RETURN_TYPE = YES_ERROR;
				GCC_WARN_UNDECLARED_SELECTOR = YES;
				GCC_WARN_UNINITIALIZED_AUTOS = YES_AGGRESSIVE;
				GCC_WARN_UNUSED_FUNCTION = YES;
				GCC_WARN_UNUSED_VARIABLE = YES;
				IPHONEOS_DEPLOYMENT_TARGET = 15.2;
				MTL_ENABLE_DEBUG_INFO = NO;
				MTL_FAST_MATH = YES;
				SDKROOT = iphoneos;
				SWIFT_COMPILATION_MODE = wholemodule;
				SWIFT_OPTIMIZATION_LEVEL = "-O";
				VALIDATE_PRODUCT = YES;
			};
			name = Release;
		};
		75EB03B92825ADF500013984 /* Debug */ = {
			isa = XCBuildConfiguration;
			buildSettings = {
				ASSETCATALOG_COMPILER_APPICON_NAME = AppIcon;
				ASSETCATALOG_COMPILER_GLOBAL_ACCENT_COLOR_NAME = AccentColor;
				CODE_SIGN_STYLE = Automatic;
				CURRENT_PROJECT_VERSION = 1;
				DEVELOPMENT_TEAM = 26VHY2MC8Z;
				GENERATE_INFOPLIST_FILE = YES;
				INFOPLIST_FILE = FoodDeliveryStarterPack/Info.plist;
				INFOPLIST_KEY_UIApplicationSupportsIndirectInputEvents = YES;
				INFOPLIST_KEY_UILaunchStoryboardName = LaunchScreen;
				INFOPLIST_KEY_UIMainStoryboardFile = Main;
				INFOPLIST_KEY_UISupportedInterfaceOrientations_iPad = "UIInterfaceOrientationPortrait UIInterfaceOrientationPortraitUpsideDown UIInterfaceOrientationLandscapeLeft UIInterfaceOrientationLandscapeRight";
				INFOPLIST_KEY_UISupportedInterfaceOrientations_iPhone = "UIInterfaceOrientationPortrait UIInterfaceOrientationLandscapeLeft UIInterfaceOrientationLandscapeRight";
				LD_RUNPATH_SEARCH_PATHS = (
					"$(inherited)",
					"@executable_path/Frameworks",
				);
				MARKETING_VERSION = 1.0;
				PRODUCT_BUNDLE_IDENTIFIER = com.deltrinsam.FoodDeliveryStarterPack;
				PRODUCT_NAME = "$(TARGET_NAME)";
				SWIFT_EMIT_LOC_STRINGS = YES;
				SWIFT_VERSION = 5.0;
				TARGETED_DEVICE_FAMILY = "1,2";
			};
			name = Debug;
		};
		75EB03BA2825ADF500013984 /* Release */ = {
			isa = XCBuildConfiguration;
			buildSettings = {
				ASSETCATALOG_COMPILER_APPICON_NAME = AppIcon;
				ASSETCATALOG_COMPILER_GLOBAL_ACCENT_COLOR_NAME = AccentColor;
				CODE_SIGN_STYLE = Automatic;
				CURRENT_PROJECT_VERSION = 1;
				DEVELOPMENT_TEAM = 26VHY2MC8Z;
				GENERATE_INFOPLIST_FILE = YES;
				INFOPLIST_FILE = FoodDeliveryStarterPack/Info.plist;
				INFOPLIST_KEY_UIApplicationSupportsIndirectInputEvents = YES;
				INFOPLIST_KEY_UILaunchStoryboardName = LaunchScreen;
				INFOPLIST_KEY_UIMainStoryboardFile = Main;
				INFOPLIST_KEY_UISupportedInterfaceOrientations_iPad = "UIInterfaceOrientationPortrait UIInterfaceOrientationPortraitUpsideDown UIInterfaceOrientationLandscapeLeft UIInterfaceOrientationLandscapeRight";
				INFOPLIST_KEY_UISupportedInterfaceOrientations_iPhone = "UIInterfaceOrientationPortrait UIInterfaceOrientationLandscapeLeft UIInterfaceOrientationLandscapeRight";
				LD_RUNPATH_SEARCH_PATHS = (
					"$(inherited)",
					"@executable_path/Frameworks",
				);
				MARKETING_VERSION = 1.0;
				PRODUCT_BUNDLE_IDENTIFIER = com.deltrinsam.FoodDeliveryStarterPack;
				PRODUCT_NAME = "$(TARGET_NAME)";
				SWIFT_EMIT_LOC_STRINGS = YES;
				SWIFT_VERSION = 5.0;
				TARGETED_DEVICE_FAMILY = "1,2";
			};
			name = Release;
		};
		75EB03BC2825ADF500013984 /* Debug */ = {
			isa = XCBuildConfiguration;
			buildSettings = {
				ALWAYS_EMBED_SWIFT_STANDARD_LIBRARIES = YES;
				BUNDLE_LOADER = "$(TEST_HOST)";
				CODE_SIGN_STYLE = Automatic;
				CURRENT_PROJECT_VERSION = 1;
				DEVELOPMENT_TEAM = 26VHY2MC8Z;
				GENERATE_INFOPLIST_FILE = YES;
				IPHONEOS_DEPLOYMENT_TARGET = 15.2;
				MARKETING_VERSION = 1.0;
				PRODUCT_BUNDLE_IDENTIFIER = com.deltrinsam.FoodDeliveryStarterPackTests;
				PRODUCT_NAME = "$(TARGET_NAME)";
				SWIFT_EMIT_LOC_STRINGS = NO;
				SWIFT_VERSION = 5.0;
				TARGETED_DEVICE_FAMILY = "1,2";
				TEST_HOST = "$(BUILT_PRODUCTS_DIR)/FoodDeliveryStarterPack.app/FoodDeliveryStarterPack";
			};
			name = Debug;
		};
		75EB03BD2825ADF500013984 /* Release */ = {
			isa = XCBuildConfiguration;
			buildSettings = {
				ALWAYS_EMBED_SWIFT_STANDARD_LIBRARIES = YES;
				BUNDLE_LOADER = "$(TEST_HOST)";
				CODE_SIGN_STYLE = Automatic;
				CURRENT_PROJECT_VERSION = 1;
				DEVELOPMENT_TEAM = 26VHY2MC8Z;
				GENERATE_INFOPLIST_FILE = YES;
				IPHONEOS_DEPLOYMENT_TARGET = 15.2;
				MARKETING_VERSION = 1.0;
				PRODUCT_BUNDLE_IDENTIFIER = com.deltrinsam.FoodDeliveryStarterPackTests;
				PRODUCT_NAME = "$(TARGET_NAME)";
				SWIFT_EMIT_LOC_STRINGS = NO;
				SWIFT_VERSION = 5.0;
				TARGETED_DEVICE_FAMILY = "1,2";
				TEST_HOST = "$(BUILT_PRODUCTS_DIR)/FoodDeliveryStarterPack.app/FoodDeliveryStarterPack";
			};
			name = Release;
		};
		75EB03BF2825ADF500013984 /* Debug */ = {
			isa = XCBuildConfiguration;
			buildSettings = {
				ALWAYS_EMBED_SWIFT_STANDARD_LIBRARIES = YES;
				CODE_SIGN_STYLE = Automatic;
				CURRENT_PROJECT_VERSION = 1;
				DEVELOPMENT_TEAM = 26VHY2MC8Z;
				GENERATE_INFOPLIST_FILE = YES;
				MARKETING_VERSION = 1.0;
				PRODUCT_BUNDLE_IDENTIFIER = com.deltrinsam.FoodDeliveryStarterPackUITests;
				PRODUCT_NAME = "$(TARGET_NAME)";
				SWIFT_EMIT_LOC_STRINGS = NO;
				SWIFT_VERSION = 5.0;
				TARGETED_DEVICE_FAMILY = "1,2";
				TEST_TARGET_NAME = FoodDeliveryStarterPack;
			};
			name = Debug;
		};
		75EB03C02825ADF500013984 /* Release */ = {
			isa = XCBuildConfiguration;
			buildSettings = {
				ALWAYS_EMBED_SWIFT_STANDARD_LIBRARIES = YES;
				CODE_SIGN_STYLE = Automatic;
				CURRENT_PROJECT_VERSION = 1;
				DEVELOPMENT_TEAM = 26VHY2MC8Z;
				GENERATE_INFOPLIST_FILE = YES;
				MARKETING_VERSION = 1.0;
				PRODUCT_BUNDLE_IDENTIFIER = com.deltrinsam.FoodDeliveryStarterPackUITests;
				PRODUCT_NAME = "$(TARGET_NAME)";
				SWIFT_EMIT_LOC_STRINGS = NO;
				SWIFT_VERSION = 5.0;
				TARGETED_DEVICE_FAMILY = "1,2";
				TEST_TARGET_NAME = FoodDeliveryStarterPack;
			};
			name = Release;
		};
/* End XCBuildConfiguration section */

/* Begin XCConfigurationList section */
		75EB03892825ADF300013984 /* Build configuration list for PBXProject "FoodDeliveryStarterPack" */ = {
			isa = XCConfigurationList;
			buildConfigurations = (
				75EB03B62825ADF500013984 /* Debug */,
				75EB03B72825ADF500013984 /* Release */,
			);
			defaultConfigurationIsVisible = 0;
			defaultConfigurationName = Release;
		};
		75EB03B82825ADF500013984 /* Build configuration list for PBXNativeTarget "FoodDeliveryStarterPack" */ = {
			isa = XCConfigurationList;
			buildConfigurations = (
				75EB03B92825ADF500013984 /* Debug */,
				75EB03BA2825ADF500013984 /* Release */,
			);
			defaultConfigurationIsVisible = 0;
			defaultConfigurationName = Release;
		};
		75EB03BB2825ADF500013984 /* Build configuration list for PBXNativeTarget "FoodDeliveryStarterPackTests" */ = {
			isa = XCConfigurationList;
			buildConfigurations = (
				75EB03BC2825ADF500013984 /* Debug */,
				75EB03BD2825ADF500013984 /* Release */,
			);
			defaultConfigurationIsVisible = 0;
			defaultConfigurationName = Release;
		};
		75EB03BE2825ADF500013984 /* Build configuration list for PBXNativeTarget "FoodDeliveryStarterPackUITests" */ = {
			isa = XCConfigurationList;
			buildConfigurations = (
				75EB03BF2825ADF500013984 /* Debug */,
				75EB03C02825ADF500013984 /* Release */,
			);
			defaultConfigurationIsVisible = 0;
			defaultConfigurationName = Release;
		};
/* End XCConfigurationList section */
	};
	rootObject = 75EB03862825ADF300013984 /* Project object */;
}
